// !$*UTF8*$!
{
	archiveVersion = 1;
	classes = {
	};
	objectVersion = 55;
	objects = {

/* Begin PBXBuildFile section */
		00B8778A2757B57100F91872 /* ViewControllerUI.swift in Sources */ = {isa = PBXBuildFile; fileRef = 00B877892757B57100F91872 /* ViewControllerUI.swift */; };
		00B8778D2757B92B00F91872 /* CriptoCoinCollectionViewCell.swift in Sources */ = {isa = PBXBuildFile; fileRef = 00B8778C2757B92B00F91872 /* CriptoCoinCollectionViewCell.swift */; };
		0BF8030702C24BEDD360442B /* CriptoCoin.swift in Sources */ = {isa = PBXBuildFile; fileRef = ECD3BCDD1BC36EFF614124A6 /* CriptoCoin.swift */; };
		0E018A4A2759057700CE9414 /* Environment.swift in Sources */ = {isa = PBXBuildFile; fileRef = 0E018A492759057700CE9414 /* Environment.swift */; };
		0E5169C22756A0F80086CECF /* ViewController.swift in Sources */ = {isa = PBXBuildFile; fileRef = 0E5169C12756A0F80086CECF /* ViewController.swift */; };
		0E5169C72756A0F90086CECF /* Assets.xcassets in Resources */ = {isa = PBXBuildFile; fileRef = 0E5169C62756A0F90086CECF /* Assets.xcassets */; };
		0E5169CA2756A0F90086CECF /* LaunchScreen.storyboard in Resources */ = {isa = PBXBuildFile; fileRef = 0E5169C82756A0F90086CECF /* LaunchScreen.storyboard */; };
		0E9EF997275941AC00E8A5A8 /* RealCoin.swift in Sources */ = {isa = PBXBuildFile; fileRef = 0E9EF996275941AC00E8A5A8 /* RealCoin.swift */; };
		0E9EF9992759438B00E8A5A8 /* CriptoCoinTests.swift in Sources */ = {isa = PBXBuildFile; fileRef = 0E9EF9982759438B00E8A5A8 /* CriptoCoinTests.swift */; };
		0E9EF99B2759446E00E8A5A8 /* RealCoinTests.swift in Sources */ = {isa = PBXBuildFile; fileRef = 0E9EF99A2759446E00E8A5A8 /* RealCoinTests.swift */; };
		4C426E212758FB190042F544 /* Sparkline.swift in Sources */ = {isa = PBXBuildFile; fileRef = 4C426E202758FB190042F544 /* Sparkline.swift */; };
		4C426E222758FBFA0042F544 /* AppDelegate.swift in Sources */ = {isa = PBXBuildFile; fileRef = A5E8137E8175CFBBA4DA6E20 /* AppDelegate.swift */; };
		4C426E232758FBFE0042F544 /* SceneDelegate.swift in Sources */ = {isa = PBXBuildFile; fileRef = C7B2ADF830B5EDEB79DB3354 /* SceneDelegate.swift */; };
		4CB1557A2757EFC0006A4D0F /* Charts in Frameworks */ = {isa = PBXBuildFile; productRef = 4CB155792757EFC0006A4D0F /* Charts */; };
		4CB1557C2757F091006A4D0F /* ChartViewController.swift in Sources */ = {isa = PBXBuildFile; fileRef = 4CB1557B2757F091006A4D0F /* ChartViewController.swift */; };
		4CB1557E2757F3A3006A4D0F /* ChartViewControllerUI.swift in Sources */ = {isa = PBXBuildFile; fileRef = 4CB1557D2757F3A3006A4D0F /* ChartViewControllerUI.swift */; };
		5D3FC39248A29388E288AAD1 /* CriptoviewUITests.swift in Sources */ = {isa = PBXBuildFile; fileRef = FF84AA91CA1E4035539F12BB /* CriptoviewUITests.swift */; };
		6C5E16893A9C85FBB54794B0 /* TickerReturnDto.swift in Sources */ = {isa = PBXBuildFile; fileRef = 1943F875AAD695B51959099E /* TickerReturnDto.swift */; };
		764254055328F4785B24F06B /* CriptoviewTests.swift in Sources */ = {isa = PBXBuildFile; fileRef = 8105AB2081B861EFB85CD282 /* CriptoviewTests.swift */; };
		A35E27A0202E2CB56E8D1198 /* ApiTests.swift in Sources */ = {isa = PBXBuildFile; fileRef = B003DEF1749C6637F9A5139C /* ApiTests.swift */; };
		BBEE47DA0A7D47688FD8C275 /* NomicsAPI.swift in Sources */ = {isa = PBXBuildFile; fileRef = 5A597DEA99A5D57BAC62326E /* NomicsAPI.swift */; };
		BCA8F4FDBBB8FECF5EACED2C /* Ticker.swift in Sources */ = {isa = PBXBuildFile; fileRef = BB13AA22EDAB21370CAF0879 /* Ticker.swift */; };
		C126C4E5702383B587057B2D /* CriptoviewUITestsLaunchTests.swift in Sources */ = {isa = PBXBuildFile; fileRef = D15967B5429E8720C25DE826 /* CriptoviewUITestsLaunchTests.swift */; };
		F1C2818155808C47A80475DD /* SparklineReturnDto.swift in Sources */ = {isa = PBXBuildFile; fileRef = B4C8A05041530E1B9D9DCA1F /* SparklineReturnDto.swift */; };
/* End PBXBuildFile section */

/* Begin PBXContainerItemProxy section */
		0E5169D12756A0F90086CECF /* PBXContainerItemProxy */ = {
			isa = PBXContainerItemProxy;
			containerPortal = 0E5169B22756A0F80086CECF /* Project object */;
			proxyType = 1;
			remoteGlobalIDString = 0E5169B92756A0F80086CECF;
			remoteInfo = criptoview;
		};
		0E5169DB2756A0F90086CECF /* PBXContainerItemProxy */ = {
			isa = PBXContainerItemProxy;
			containerPortal = 0E5169B22756A0F80086CECF /* Project object */;
			proxyType = 1;
			remoteGlobalIDString = 0E5169B92756A0F80086CECF;
			remoteInfo = criptoview;
		};
/* End PBXContainerItemProxy section */

/* Begin PBXFileReference section */
		00B877892757B57100F91872 /* ViewControllerUI.swift */ = {isa = PBXFileReference; lastKnownFileType = sourcecode.swift; path = ViewControllerUI.swift; sourceTree = "<group>"; };
		00B8778C2757B92B00F91872 /* CriptoCoinCollectionViewCell.swift */ = {isa = PBXFileReference; lastKnownFileType = sourcecode.swift; path = CriptoCoinCollectionViewCell.swift; sourceTree = "<group>"; };
		0E018A492759057700CE9414 /* Environment.swift */ = {isa = PBXFileReference; lastKnownFileType = sourcecode.swift; name = Environment.swift; path = criptoview/src/Environment.swift; sourceTree = SOURCE_ROOT; };
		0E5169BA2756A0F80086CECF /* criptoview.app */ = {isa = PBXFileReference; explicitFileType = wrapper.application; includeInIndex = 0; path = criptoview.app; sourceTree = BUILT_PRODUCTS_DIR; };
		0E5169C12756A0F80086CECF /* ViewController.swift */ = {isa = PBXFileReference; lastKnownFileType = sourcecode.swift; path = ViewController.swift; sourceTree = "<group>"; };
		0E5169C62756A0F90086CECF /* Assets.xcassets */ = {isa = PBXFileReference; lastKnownFileType = folder.assetcatalog; path = Assets.xcassets; sourceTree = "<group>"; };
		0E5169C92756A0F90086CECF /* Base */ = {isa = PBXFileReference; lastKnownFileType = file.storyboard; name = Base; path = Base.lproj/LaunchScreen.storyboard; sourceTree = "<group>"; };
		0E5169CB2756A0F90086CECF /* Info.plist */ = {isa = PBXFileReference; lastKnownFileType = text.plist.xml; path = Info.plist; sourceTree = "<group>"; };
		0E5169D02756A0F90086CECF /* criptoviewTests.xctest */ = {isa = PBXFileReference; explicitFileType = wrapper.cfbundle; includeInIndex = 0; path = criptoviewTests.xctest; sourceTree = BUILT_PRODUCTS_DIR; };
		0E5169DA2756A0F90086CECF /* criptoviewUITests.xctest */ = {isa = PBXFileReference; explicitFileType = wrapper.cfbundle; includeInIndex = 0; path = criptoviewUITests.xctest; sourceTree = BUILT_PRODUCTS_DIR; };
		0E9EF996275941AC00E8A5A8 /* RealCoin.swift */ = {isa = PBXFileReference; lastKnownFileType = sourcecode.swift; path = RealCoin.swift; sourceTree = "<group>"; };
		0E9EF9982759438B00E8A5A8 /* CriptoCoinTests.swift */ = {isa = PBXFileReference; lastKnownFileType = sourcecode.swift; path = CriptoCoinTests.swift; sourceTree = "<group>"; };
		0E9EF99A2759446E00E8A5A8 /* RealCoinTests.swift */ = {isa = PBXFileReference; lastKnownFileType = sourcecode.swift; path = RealCoinTests.swift; sourceTree = "<group>"; };
		1943F875AAD695B51959099E /* TickerReturnDto.swift */ = {isa = PBXFileReference; lastKnownFileType = sourcecode.swift; path = TickerReturnDto.swift; sourceTree = "<group>"; };
		4C426E202758FB190042F544 /* Sparkline.swift */ = {isa = PBXFileReference; lastKnownFileType = sourcecode.swift; path = Sparkline.swift; sourceTree = "<group>"; };
		4CB1557B2757F091006A4D0F /* ChartViewController.swift */ = {isa = PBXFileReference; lastKnownFileType = sourcecode.swift; path = ChartViewController.swift; sourceTree = "<group>"; };
		4CB1557D2757F3A3006A4D0F /* ChartViewControllerUI.swift */ = {isa = PBXFileReference; lastKnownFileType = sourcecode.swift; path = ChartViewControllerUI.swift; sourceTree = "<group>"; };
		5A597DEA99A5D57BAC62326E /* NomicsAPI.swift */ = {isa = PBXFileReference; lastKnownFileType = sourcecode.swift; path = NomicsAPI.swift; sourceTree = "<group>"; };
		8105AB2081B861EFB85CD282 /* CriptoviewTests.swift */ = {isa = PBXFileReference; lastKnownFileType = sourcecode.swift; path = CriptoviewTests.swift; sourceTree = "<group>"; };
		A5E8137E8175CFBBA4DA6E20 /* AppDelegate.swift */ = {isa = PBXFileReference; lastKnownFileType = sourcecode.swift; path = AppDelegate.swift; sourceTree = "<group>"; };
		B003DEF1749C6637F9A5139C /* ApiTests.swift */ = {isa = PBXFileReference; lastKnownFileType = sourcecode.swift; path = ApiTests.swift; sourceTree = "<group>"; };
		B4C8A05041530E1B9D9DCA1F /* SparklineReturnDto.swift */ = {isa = PBXFileReference; lastKnownFileType = sourcecode.swift; path = SparklineReturnDto.swift; sourceTree = "<group>"; };
		BB13AA22EDAB21370CAF0879 /* Ticker.swift */ = {isa = PBXFileReference; lastKnownFileType = sourcecode.swift; path = Ticker.swift; sourceTree = "<group>"; };
		C7B2ADF830B5EDEB79DB3354 /* SceneDelegate.swift */ = {isa = PBXFileReference; lastKnownFileType = sourcecode.swift; path = SceneDelegate.swift; sourceTree = "<group>"; };
		D15967B5429E8720C25DE826 /* CriptoviewUITestsLaunchTests.swift */ = {isa = PBXFileReference; lastKnownFileType = sourcecode.swift; path = CriptoviewUITestsLaunchTests.swift; sourceTree = "<group>"; };
		ECD3BCDD1BC36EFF614124A6 /* CriptoCoin.swift */ = {isa = PBXFileReference; lastKnownFileType = sourcecode.swift; path = CriptoCoin.swift; sourceTree = "<group>"; };
		FF84AA91CA1E4035539F12BB /* CriptoviewUITests.swift */ = {isa = PBXFileReference; lastKnownFileType = sourcecode.swift; path = CriptoviewUITests.swift; sourceTree = "<group>"; };
/* End PBXFileReference section */

/* Begin PBXFrameworksBuildPhase section */
		0E5169B72756A0F80086CECF /* Frameworks */ = {
			isa = PBXFrameworksBuildPhase;
			buildActionMask = 2147483647;
			files = (
				4CB1557A2757EFC0006A4D0F /* Charts in Frameworks */,
			);
			runOnlyForDeploymentPostprocessing = 0;
		};
		0E5169CD2756A0F90086CECF /* Frameworks */ = {
			isa = PBXFrameworksBuildPhase;
			buildActionMask = 2147483647;
			files = (
			);
			runOnlyForDeploymentPostprocessing = 0;
		};
		0E5169D72756A0F90086CECF /* Frameworks */ = {
			isa = PBXFrameworksBuildPhase;
			buildActionMask = 2147483647;
			files = (
			);
			runOnlyForDeploymentPostprocessing = 0;
		};
/* End PBXFrameworksBuildPhase section */

/* Begin PBXGroup section */
		00B877872757B4F300F91872 /* Controller */ = {
			isa = PBXGroup;
			children = (
				0E5169C12756A0F80086CECF /* ViewController.swift */,
				4CB1557B2757F091006A4D0F /* ChartViewController.swift */,
			);
			path = Controller;
			sourceTree = "<group>";
		};
		00B877882757B54300F91872 /* View */ = {
			isa = PBXGroup;
			children = (
				00B8778B2757B89900F91872 /* Components */,
				00B877892757B57100F91872 /* ViewControllerUI.swift */,
				4CB1557D2757F3A3006A4D0F /* ChartViewControllerUI.swift */,
			);
			path = View;
			sourceTree = "<group>";
		};
		00B8778B2757B89900F91872 /* Components */ = {
			isa = PBXGroup;
			children = (
				00B8778C2757B92B00F91872 /* CriptoCoinCollectionViewCell.swift */,
			);
			path = Components;
			sourceTree = "<group>";
		};
		0E1EC8722756A17B00D0AF28 /* src */ = {
			isa = PBXGroup;
			children = (
				0E018A492759057700CE9414 /* Environment.swift */,
				00B877882757B54300F91872 /* View */,
				00B877872757B4F300F91872 /* Controller */,
				1CDE18E492CCF81D16AF0128 /* Delegates */,
				FF42E628B3E4C3B22F838B72 /* Model */,
			);
			path = src;
			sourceTree = "<group>";
		};
		0E5169B12756A0F80086CECF = {
			isa = PBXGroup;
			children = (
				0E5169BC2756A0F80086CECF /* criptoview */,
				0E5169D32756A0F90086CECF /* criptoviewTests */,
				0E5169DD2756A0F90086CECF /* criptoviewUITests */,
				0E5169BB2756A0F80086CECF /* Products */,
			);
			sourceTree = "<group>";
		};
		0E5169BB2756A0F80086CECF /* Products */ = {
			isa = PBXGroup;
			children = (
				0E5169BA2756A0F80086CECF /* criptoview.app */,
				0E5169D02756A0F90086CECF /* criptoviewTests.xctest */,
				0E5169DA2756A0F90086CECF /* criptoviewUITests.xctest */,
			);
			name = Products;
			sourceTree = "<group>";
		};
		0E5169BC2756A0F80086CECF /* criptoview */ = {
			isa = PBXGroup;
			children = (
				0E5169C82756A0F90086CECF /* LaunchScreen.storyboard */,
				0E1EC8722756A17B00D0AF28 /* src */,
				0E5169C62756A0F90086CECF /* Assets.xcassets */,
				0E5169CB2756A0F90086CECF /* Info.plist */,
			);
			path = criptoview;
			sourceTree = "<group>";
		};
		0E5169D32756A0F90086CECF /* criptoviewTests */ = {
			isa = PBXGroup;
			children = (
				8105AB2081B861EFB85CD282 /* CriptoviewTests.swift */,
				B003DEF1749C6637F9A5139C /* ApiTests.swift */,
				0E9EF9982759438B00E8A5A8 /* CriptoCoinTests.swift */,
				0E9EF99A2759446E00E8A5A8 /* RealCoinTests.swift */,
			);
			path = criptoviewTests;
			sourceTree = "<group>";
		};
		0E5169DD2756A0F90086CECF /* criptoviewUITests */ = {
			isa = PBXGroup;
			children = (
				FF84AA91CA1E4035539F12BB /* CriptoviewUITests.swift */,
				D15967B5429E8720C25DE826 /* CriptoviewUITestsLaunchTests.swift */,
			);
			path = criptoviewUITests;
			sourceTree = "<group>";
		};
		1CDE18E492CCF81D16AF0128 /* Delegates */ = {
			isa = PBXGroup;
			children = (
				A5E8137E8175CFBBA4DA6E20 /* AppDelegate.swift */,
				C7B2ADF830B5EDEB79DB3354 /* SceneDelegate.swift */,
			);
			path = Delegates;
			sourceTree = "<group>";
		};
		5122EAEED57099A86DE9F481 /* DTO */ = {
			isa = PBXGroup;
			children = (
				B4C8A05041530E1B9D9DCA1F /* SparklineReturnDto.swift */,
				1943F875AAD695B51959099E /* TickerReturnDto.swift */,
			);
			path = DTO;
			sourceTree = "<group>";
		};
		FF42E628B3E4C3B22F838B72 /* Model */ = {
			isa = PBXGroup;
			children = (
				5122EAEED57099A86DE9F481 /* DTO */,
				ECD3BCDD1BC36EFF614124A6 /* CriptoCoin.swift */,
				5A597DEA99A5D57BAC62326E /* NomicsAPI.swift */,
				0E9EF996275941AC00E8A5A8 /* RealCoin.swift */,
				BB13AA22EDAB21370CAF0879 /* Ticker.swift */,
				4C426E202758FB190042F544 /* Sparkline.swift */,
			);
			path = Model;
			sourceTree = "<group>";
		};
/* End PBXGroup section */

/* Begin PBXNativeTarget section */
		0E5169B92756A0F80086CECF /* criptoview */ = {
			isa = PBXNativeTarget;
			buildConfigurationList = 0E5169E42756A0F90086CECF /* Build configuration list for PBXNativeTarget "criptoview" */;
			buildPhases = (
				0E5169B62756A0F80086CECF /* Sources */,
				0E5169B72756A0F80086CECF /* Frameworks */,
				0E5169B82756A0F80086CECF /* Resources */,
				548D9B014489B822836C7A0E /* ShellScript */,
			);
			buildRules = (
			);
			dependencies = (
			);
			name = criptoview;
			packageProductDependencies = (
				4CB155792757EFC0006A4D0F /* Charts */,
			);
			productName = criptoview;
			productReference = 0E5169BA2756A0F80086CECF /* criptoview.app */;
			productType = "com.apple.product-type.application";
		};
		0E5169CF2756A0F90086CECF /* criptoviewTests */ = {
			isa = PBXNativeTarget;
			buildConfigurationList = 0E5169E72756A0F90086CECF /* Build configuration list for PBXNativeTarget "criptoviewTests" */;
			buildPhases = (
				0E5169CC2756A0F90086CECF /* Sources */,
				0E5169CD2756A0F90086CECF /* Frameworks */,
				0E5169CE2756A0F90086CECF /* Resources */,
			);
			buildRules = (
			);
			dependencies = (
				0E5169D22756A0F90086CECF /* PBXTargetDependency */,
			);
			name = criptoviewTests;
			productName = criptoviewTests;
			productReference = 0E5169D02756A0F90086CECF /* criptoviewTests.xctest */;
			productType = "com.apple.product-type.bundle.unit-test";
		};
		0E5169D92756A0F90086CECF /* criptoviewUITests */ = {
			isa = PBXNativeTarget;
			buildConfigurationList = 0E5169EA2756A0F90086CECF /* Build configuration list for PBXNativeTarget "criptoviewUITests" */;
			buildPhases = (
				0E5169D62756A0F90086CECF /* Sources */,
				0E5169D72756A0F90086CECF /* Frameworks */,
				0E5169D82756A0F90086CECF /* Resources */,
			);
			buildRules = (
			);
			dependencies = (
				0E5169DC2756A0F90086CECF /* PBXTargetDependency */,
			);
			name = criptoviewUITests;
			productName = criptoviewUITests;
			productReference = 0E5169DA2756A0F90086CECF /* criptoviewUITests.xctest */;
			productType = "com.apple.product-type.bundle.ui-testing";
		};
/* End PBXNativeTarget section */

/* Begin PBXProject section */
		0E5169B22756A0F80086CECF /* Project object */ = {
			isa = PBXProject;
			attributes = {
				BuildIndependentTargetsInParallel = 1;
				LastSwiftUpdateCheck = 1310;
				LastUpgradeCheck = 1310;
				TargetAttributes = {
					0E5169B92756A0F80086CECF = {
						CreatedOnToolsVersion = 13.1;
					};
					0E5169CF2756A0F90086CECF = {
						CreatedOnToolsVersion = 13.1;
						TestTargetID = 0E5169B92756A0F80086CECF;
					};
					0E5169D92756A0F90086CECF = {
						CreatedOnToolsVersion = 13.1;
						TestTargetID = 0E5169B92756A0F80086CECF;
					};
				};
			};
			buildConfigurationList = 0E5169B52756A0F80086CECF /* Build configuration list for PBXProject "criptoview" */;
			compatibilityVersion = "Xcode 13.0";
			developmentRegion = en;
			hasScannedForEncodings = 0;
			knownRegions = (
				en,
				Base,
			);
			mainGroup = 0E5169B12756A0F80086CECF;
			packageReferences = (
				4CB155782757EFC0006A4D0F /* XCRemoteSwiftPackageReference "Charts" */,
			);
			productRefGroup = 0E5169BB2756A0F80086CECF /* Products */;
			projectDirPath = "";
			projectRoot = "";
			targets = (
				0E5169B92756A0F80086CECF /* criptoview */,
				0E5169CF2756A0F90086CECF /* criptoviewTests */,
				0E5169D92756A0F90086CECF /* criptoviewUITests */,
			);
		};
/* End PBXProject section */

/* Begin PBXResourcesBuildPhase section */
		0E5169B82756A0F80086CECF /* Resources */ = {
			isa = PBXResourcesBuildPhase;
			buildActionMask = 2147483647;
			files = (
				0E5169CA2756A0F90086CECF /* LaunchScreen.storyboard in Resources */,
				0E5169C72756A0F90086CECF /* Assets.xcassets in Resources */,
			);
			runOnlyForDeploymentPostprocessing = 0;
		};
		0E5169CE2756A0F90086CECF /* Resources */ = {
			isa = PBXResourcesBuildPhase;
			buildActionMask = 2147483647;
			files = (
			);
			runOnlyForDeploymentPostprocessing = 0;
		};
		0E5169D82756A0F90086CECF /* Resources */ = {
			isa = PBXResourcesBuildPhase;
			buildActionMask = 2147483647;
			files = (
			);
			runOnlyForDeploymentPostprocessing = 0;
		};
/* End PBXResourcesBuildPhase section */

/* Begin PBXShellScriptBuildPhase section */
		548D9B014489B822836C7A0E /* ShellScript */ = {
			isa = PBXShellScriptBuildPhase;
			buildActionMask = 2147483647;
			files = (
			);
			inputFileListPaths = (
			);
			inputPaths = (
			);
			name = ShellScript;
			outputFileListPaths = (
			);
			outputPaths = (
			);
			runOnlyForDeploymentPostprocessing = 0;
			shellPath = /bin/sh;
			shellScript = "swiftlint='/opt/homebrew/bin/swiftlint'\n\nif which $swiftlint >/dev/null; then\n    $swiftlint autocorrect && $swiftlint\nelse\n    echo \"warning: SwiftLint not installed, download from https://github.com/realm/SwiftLint\"\nfi\n";
		};
/* End PBXShellScriptBuildPhase section */

/* Begin PBXSourcesBuildPhase section */
		0E5169B62756A0F80086CECF /* Sources */ = {
			isa = PBXSourcesBuildPhase;
			buildActionMask = 2147483647;
			files = (
				4C426E222758FBFA0042F544 /* AppDelegate.swift in Sources */,
				0E5169C22756A0F80086CECF /* ViewController.swift in Sources */,
				0E9EF997275941AC00E8A5A8 /* RealCoin.swift in Sources */,
				00B8778D2757B92B00F91872 /* CriptoCoinCollectionViewCell.swift in Sources */,
				00B8778A2757B57100F91872 /* ViewControllerUI.swift in Sources */,
				4CB1557C2757F091006A4D0F /* ChartViewController.swift in Sources */,
				4CB1557E2757F3A3006A4D0F /* ChartViewControllerUI.swift in Sources */,
				F1C2818155808C47A80475DD /* SparklineReturnDto.swift in Sources */,
				4C426E212758FB190042F544 /* Sparkline.swift in Sources */,
				4C426E232758FBFE0042F544 /* SceneDelegate.swift in Sources */,
				6C5E16893A9C85FBB54794B0 /* TickerReturnDto.swift in Sources */,
				BCA8F4FDBBB8FECF5EACED2C /* Ticker.swift in Sources */,
				0BF8030702C24BEDD360442B /* CriptoCoin.swift in Sources */,
				BBEE47DA0A7D47688FD8C275 /* NomicsAPI.swift in Sources */,
			);
			runOnlyForDeploymentPostprocessing = 0;
		};
		0E5169CC2756A0F90086CECF /* Sources */ = {
			isa = PBXSourcesBuildPhase;
			buildActionMask = 2147483647;
			files = (
				0E018A4A2759057700CE9414 /* Environment.swift in Sources */,
				0E9EF9992759438B00E8A5A8 /* CriptoCoinTests.swift in Sources */,
				A35E27A0202E2CB56E8D1198 /* ApiTests.swift in Sources */,
				764254055328F4785B24F06B /* CriptoviewTests.swift in Sources */,
				0E9EF99B2759446E00E8A5A8 /* RealCoinTests.swift in Sources */,
			);
			runOnlyForDeploymentPostprocessing = 0;
		};
		0E5169D62756A0F90086CECF /* Sources */ = {
			isa = PBXSourcesBuildPhase;
			buildActionMask = 2147483647;
			files = (
				C126C4E5702383B587057B2D /* CriptoviewUITestsLaunchTests.swift in Sources */,
				5D3FC39248A29388E288AAD1 /* CriptoviewUITests.swift in Sources */,
			);
			runOnlyForDeploymentPostprocessing = 0;
		};
/* End PBXSourcesBuildPhase section */

/* Begin PBXTargetDependency section */
		0E5169D22756A0F90086CECF /* PBXTargetDependency */ = {
			isa = PBXTargetDependency;
			target = 0E5169B92756A0F80086CECF /* criptoview */;
			targetProxy = 0E5169D12756A0F90086CECF /* PBXContainerItemProxy */;
		};
		0E5169DC2756A0F90086CECF /* PBXTargetDependency */ = {
			isa = PBXTargetDependency;
			target = 0E5169B92756A0F80086CECF /* criptoview */;
			targetProxy = 0E5169DB2756A0F90086CECF /* PBXContainerItemProxy */;
		};
/* End PBXTargetDependency section */

/* Begin PBXVariantGroup section */
		0E5169C82756A0F90086CECF /* LaunchScreen.storyboard */ = {
			isa = PBXVariantGroup;
			children = (
				0E5169C92756A0F90086CECF /* Base */,
			);
			name = LaunchScreen.storyboard;
			sourceTree = "<group>";
		};
/* End PBXVariantGroup section */

/* Begin XCBuildConfiguration section */
		0E5169E22756A0F90086CECF /* Debug */ = {
			isa = XCBuildConfiguration;
			buildSettings = {
				ALWAYS_SEARCH_USER_PATHS = NO;
				CLANG_ANALYZER_NONNULL = YES;
				CLANG_ANALYZER_NUMBER_OBJECT_CONVERSION = YES_AGGRESSIVE;
				CLANG_CXX_LANGUAGE_STANDARD = "gnu++17";
				CLANG_CXX_LIBRARY = "libc++";
				CLANG_ENABLE_MODULES = YES;
				CLANG_ENABLE_OBJC_ARC = YES;
				CLANG_ENABLE_OBJC_WEAK = YES;
				CLANG_WARN_BLOCK_CAPTURE_AUTORELEASING = YES;
				CLANG_WARN_BOOL_CONVERSION = YES;
				CLANG_WARN_COMMA = YES;
				CLANG_WARN_CONSTANT_CONVERSION = YES;
				CLANG_WARN_DEPRECATED_OBJC_IMPLEMENTATIONS = YES;
				CLANG_WARN_DIRECT_OBJC_ISA_USAGE = YES_ERROR;
				CLANG_WARN_DOCUMENTATION_COMMENTS = YES;
				CLANG_WARN_EMPTY_BODY = YES;
				CLANG_WARN_ENUM_CONVERSION = YES;
				CLANG_WARN_INFINITE_RECURSION = YES;
				CLANG_WARN_INT_CONVERSION = YES;
				CLANG_WARN_NON_LITERAL_NULL_CONVERSION = YES;
				CLANG_WARN_OBJC_IMPLICIT_RETAIN_SELF = YES;
				CLANG_WARN_OBJC_LITERAL_CONVERSION = YES;
				CLANG_WARN_OBJC_ROOT_CLASS = YES_ERROR;
				CLANG_WARN_QUOTED_INCLUDE_IN_FRAMEWORK_HEADER = YES;
				CLANG_WARN_RANGE_LOOP_ANALYSIS = YES;
				CLANG_WARN_STRICT_PROTOTYPES = YES;
				CLANG_WARN_SUSPICIOUS_MOVE = YES;
				CLANG_WARN_UNGUARDED_AVAILABILITY = YES_AGGRESSIVE;
				CLANG_WARN_UNREACHABLE_CODE = YES;
				CLANG_WARN__DUPLICATE_METHOD_MATCH = YES;
				COPY_PHASE_STRIP = NO;
				DEBUG_INFORMATION_FORMAT = dwarf;
				ENABLE_STRICT_OBJC_MSGSEND = YES;
				ENABLE_TESTABILITY = YES;
				GCC_C_LANGUAGE_STANDARD = gnu11;
				GCC_DYNAMIC_NO_PIC = NO;
				GCC_NO_COMMON_BLOCKS = YES;
				GCC_OPTIMIZATION_LEVEL = 0;
				GCC_PREPROCESSOR_DEFINITIONS = (
					"DEBUG=1",
					"$(inherited)",
				);
				GCC_WARN_64_TO_32_BIT_CONVERSION = YES;
				GCC_WARN_ABOUT_RETURN_TYPE = YES_ERROR;
				GCC_WARN_UNDECLARED_SELECTOR = YES;
				GCC_WARN_UNINITIALIZED_AUTOS = YES_AGGRESSIVE;
				GCC_WARN_UNUSED_FUNCTION = YES;
				GCC_WARN_UNUSED_VARIABLE = YES;
				IPHONEOS_DEPLOYMENT_TARGET = 15.0;
				MTL_ENABLE_DEBUG_INFO = INCLUDE_SOURCE;
				MTL_FAST_MATH = YES;
				ONLY_ACTIVE_ARCH = YES;
				SDKROOT = iphoneos;
				SWIFT_ACTIVE_COMPILATION_CONDITIONS = DEBUG;
				SWIFT_OPTIMIZATION_LEVEL = "-Onone";
			};
			name = Debug;
		};
		0E5169E32756A0F90086CECF /* Release */ = {
			isa = XCBuildConfiguration;
			buildSettings = {
				ALWAYS_SEARCH_USER_PATHS = NO;
				CLANG_ANALYZER_NONNULL = YES;
				CLANG_ANALYZER_NUMBER_OBJECT_CONVERSION = YES_AGGRESSIVE;
				CLANG_CXX_LANGUAGE_STANDARD = "gnu++17";
				CLANG_CXX_LIBRARY = "libc++";
				CLANG_ENABLE_MODULES = YES;
				CLANG_ENABLE_OBJC_ARC = YES;
				CLANG_ENABLE_OBJC_WEAK = YES;
				CLANG_WARN_BLOCK_CAPTURE_AUTORELEASING = YES;
				CLANG_WARN_BOOL_CONVERSION = YES;
				CLANG_WARN_COMMA = YES;
				CLANG_WARN_CONSTANT_CONVERSION = YES;
				CLANG_WARN_DEPRECATED_OBJC_IMPLEMENTATIONS = YES;
				CLANG_WARN_DIRECT_OBJC_ISA_USAGE = YES_ERROR;
				CLANG_WARN_DOCUMENTATION_COMMENTS = YES;
				CLANG_WARN_EMPTY_BODY = YES;
				CLANG_WARN_ENUM_CONVERSION = YES;
				CLANG_WARN_INFINITE_RECURSION = YES;
				CLANG_WARN_INT_CONVERSION = YES;
				CLANG_WARN_NON_LITERAL_NULL_CONVERSION = YES;
				CLANG_WARN_OBJC_IMPLICIT_RETAIN_SELF = YES;
				CLANG_WARN_OBJC_LITERAL_CONVERSION = YES;
				CLANG_WARN_OBJC_ROOT_CLASS = YES_ERROR;
				CLANG_WARN_QUOTED_INCLUDE_IN_FRAMEWORK_HEADER = YES;
				CLANG_WARN_RANGE_LOOP_ANALYSIS = YES;
				CLANG_WARN_STRICT_PROTOTYPES = YES;
				CLANG_WARN_SUSPICIOUS_MOVE = YES;
				CLANG_WARN_UNGUARDED_AVAILABILITY = YES_AGGRESSIVE;
				CLANG_WARN_UNREACHABLE_CODE = YES;
				CLANG_WARN__DUPLICATE_METHOD_MATCH = YES;
				COPY_PHASE_STRIP = NO;
				DEBUG_INFORMATION_FORMAT = "dwarf-with-dsym";
				ENABLE_NS_ASSERTIONS = NO;
				ENABLE_STRICT_OBJC_MSGSEND = YES;
				GCC_C_LANGUAGE_STANDARD = gnu11;
				GCC_NO_COMMON_BLOCKS = YES;
				GCC_WARN_64_TO_32_BIT_CONVERSION = YES;
				GCC_WARN_ABOUT_RETURN_TYPE = YES_ERROR;
				GCC_WARN_UNDECLARED_SELECTOR = YES;
				GCC_WARN_UNINITIALIZED_AUTOS = YES_AGGRESSIVE;
				GCC_WARN_UNUSED_FUNCTION = YES;
				GCC_WARN_UNUSED_VARIABLE = YES;
				IPHONEOS_DEPLOYMENT_TARGET = 15.0;
				MTL_ENABLE_DEBUG_INFO = NO;
				MTL_FAST_MATH = YES;
				SDKROOT = iphoneos;
				SWIFT_COMPILATION_MODE = wholemodule;
				SWIFT_OPTIMIZATION_LEVEL = "-O";
				VALIDATE_PRODUCT = YES;
			};
			name = Release;
		};
		0E5169E52756A0F90086CECF /* Debug */ = {
			isa = XCBuildConfiguration;
			buildSettings = {
				ASSETCATALOG_COMPILER_APPICON_NAME = AppIcon;
				ASSETCATALOG_COMPILER_GLOBAL_ACCENT_COLOR_NAME = AccentColor;
				CODE_SIGN_STYLE = Automatic;
				CURRENT_PROJECT_VERSION = 1;
				GENERATE_INFOPLIST_FILE = YES;
				INFOPLIST_FILE = criptoview/Info.plist;
				INFOPLIST_KEY_UIApplicationSupportsIndirectInputEvents = YES;
				INFOPLIST_KEY_UILaunchStoryboardName = LaunchScreen;
				INFOPLIST_KEY_UISupportedInterfaceOrientations_iPad = "UIInterfaceOrientationPortrait UIInterfaceOrientationPortraitUpsideDown UIInterfaceOrientationLandscapeLeft UIInterfaceOrientationLandscapeRight";
				INFOPLIST_KEY_UISupportedInterfaceOrientations_iPhone = "UIInterfaceOrientationPortrait UIInterfaceOrientationLandscapeLeft UIInterfaceOrientationLandscapeRight";
				LD_RUNPATH_SEARCH_PATHS = (
					"$(inherited)",
					"@executable_path/Frameworks",
				);
				MARKETING_VERSION = 1.0;
				PRODUCT_BUNDLE_IDENTIFIER = com.example.criptoview;
				PRODUCT_NAME = "$(TARGET_NAME)";
				SWIFT_EMIT_LOC_STRINGS = YES;
				SWIFT_VERSION = 5.0;
				TARGETED_DEVICE_FAMILY = "1,2";
			};
			name = Debug;
		};
		0E5169E62756A0F90086CECF /* Release */ = {
			isa = XCBuildConfiguration;
			buildSettings = {
				ASSETCATALOG_COMPILER_APPICON_NAME = AppIcon;
				ASSETCATALOG_COMPILER_GLOBAL_ACCENT_COLOR_NAME = AccentColor;
				CODE_SIGN_STYLE = Automatic;
				CURRENT_PROJECT_VERSION = 1;
				GENERATE_INFOPLIST_FILE = YES;
				INFOPLIST_FILE = criptoview/Info.plist;
				INFOPLIST_KEY_UIApplicationSupportsIndirectInputEvents = YES;
				INFOPLIST_KEY_UILaunchStoryboardName = LaunchScreen;
				INFOPLIST_KEY_UISupportedInterfaceOrientations_iPad = "UIInterfaceOrientationPortrait UIInterfaceOrientationPortraitUpsideDown UIInterfaceOrientationLandscapeLeft UIInterfaceOrientationLandscapeRight";
				INFOPLIST_KEY_UISupportedInterfaceOrientations_iPhone = "UIInterfaceOrientationPortrait UIInterfaceOrientationLandscapeLeft UIInterfaceOrientationLandscapeRight";
				LD_RUNPATH_SEARCH_PATHS = (
					"$(inherited)",
					"@executable_path/Frameworks",
				);
				MARKETING_VERSION = 1.0;
				PRODUCT_BUNDLE_IDENTIFIER = com.example.criptoview;
				PRODUCT_NAME = "$(TARGET_NAME)";
				SWIFT_EMIT_LOC_STRINGS = YES;
				SWIFT_VERSION = 5.0;
				TARGETED_DEVICE_FAMILY = "1,2";
			};
			name = Release;
		};
		0E5169E82756A0F90086CECF /* Debug */ = {
			isa = XCBuildConfiguration;
			buildSettings = {
				ALWAYS_EMBED_SWIFT_STANDARD_LIBRARIES = YES;
				BUNDLE_LOADER = "$(TEST_HOST)";
				CODE_SIGN_STYLE = Automatic;
				CURRENT_PROJECT_VERSION = 1;
				GENERATE_INFOPLIST_FILE = YES;
				IPHONEOS_DEPLOYMENT_TARGET = 15.0;
				LD_RUNPATH_SEARCH_PATHS = (
					"$(inherited)",
					"@executable_path/Frameworks",
					"@loader_path/Frameworks",
				);
				MARKETING_VERSION = 1.0;
				PRODUCT_BUNDLE_IDENTIFIER = com.example.criptoviewTests;
				PRODUCT_NAME = "$(TARGET_NAME)";
				SWIFT_EMIT_LOC_STRINGS = NO;
				SWIFT_VERSION = 5.0;
				TARGETED_DEVICE_FAMILY = "1,2";
				TEST_HOST = "$(BUILT_PRODUCTS_DIR)/criptoview.app/criptoview";
			};
			name = Debug;
		};
		0E5169E92756A0F90086CECF /* Release */ = {
			isa = XCBuildConfiguration;
			buildSettings = {
				ALWAYS_EMBED_SWIFT_STANDARD_LIBRARIES = YES;
				BUNDLE_LOADER = "$(TEST_HOST)";
				CODE_SIGN_STYLE = Automatic;
				CURRENT_PROJECT_VERSION = 1;
				GENERATE_INFOPLIST_FILE = YES;
				IPHONEOS_DEPLOYMENT_TARGET = 15.0;
				LD_RUNPATH_SEARCH_PATHS = (
					"$(inherited)",
					"@executable_path/Frameworks",
					"@loader_path/Frameworks",
				);
				MARKETING_VERSION = 1.0;
				PRODUCT_BUNDLE_IDENTIFIER = com.example.criptoviewTests;
				PRODUCT_NAME = "$(TARGET_NAME)";
				SWIFT_EMIT_LOC_STRINGS = NO;
				SWIFT_VERSION = 5.0;
				TARGETED_DEVICE_FAMILY = "1,2";
				TEST_HOST = "$(BUILT_PRODUCTS_DIR)/criptoview.app/criptoview";
			};
			name = Release;
		};
		0E5169EB2756A0F90086CECF /* Debug */ = {
			isa = XCBuildConfiguration;
			buildSettings = {
				ALWAYS_EMBED_SWIFT_STANDARD_LIBRARIES = YES;
				CODE_SIGN_STYLE = Automatic;
				CURRENT_PROJECT_VERSION = 1;
				GENERATE_INFOPLIST_FILE = YES;
				LD_RUNPATH_SEARCH_PATHS = (
					"$(inherited)",
					"@executable_path/Frameworks",
					"@loader_path/Frameworks",
				);
				MARKETING_VERSION = 1.0;
				PRODUCT_BUNDLE_IDENTIFIER = com.example.criptoviewUITests;
				PRODUCT_NAME = "$(TARGET_NAME)";
				SWIFT_EMIT_LOC_STRINGS = NO;
				SWIFT_VERSION = 5.0;
				TARGETED_DEVICE_FAMILY = "1,2";
				TEST_TARGET_NAME = criptoview;
			};
			name = Debug;
		};
		0E5169EC2756A0F90086CECF /* Release */ = {
			isa = XCBuildConfiguration;
			buildSettings = {
				ALWAYS_EMBED_SWIFT_STANDARD_LIBRARIES = YES;
				CODE_SIGN_STYLE = Automatic;
				CURRENT_PROJECT_VERSION = 1;
				GENERATE_INFOPLIST_FILE = YES;
				LD_RUNPATH_SEARCH_PATHS = (
					"$(inherited)",
					"@executable_path/Frameworks",
					"@loader_path/Frameworks",
				);
				MARKETING_VERSION = 1.0;
				PRODUCT_BUNDLE_IDENTIFIER = com.example.criptoviewUITests;
				PRODUCT_NAME = "$(TARGET_NAME)";
				SWIFT_EMIT_LOC_STRINGS = NO;
				SWIFT_VERSION = 5.0;
				TARGETED_DEVICE_FAMILY = "1,2";
				TEST_TARGET_NAME = criptoview;
			};
			name = Release;
		};
/* End XCBuildConfiguration section */

/* Begin XCConfigurationList section */
		0E5169B52756A0F80086CECF /* Build configuration list for PBXProject "criptoview" */ = {
			isa = XCConfigurationList;
			buildConfigurations = (
				0E5169E22756A0F90086CECF /* Debug */,
				0E5169E32756A0F90086CECF /* Release */,
			);
			defaultConfigurationIsVisible = 0;
			defaultConfigurationName = Release;
		};
		0E5169E42756A0F90086CECF /* Build configuration list for PBXNativeTarget "criptoview" */ = {
			isa = XCConfigurationList;
			buildConfigurations = (
				0E5169E52756A0F90086CECF /* Debug */,
				0E5169E62756A0F90086CECF /* Release */,
			);
			defaultConfigurationIsVisible = 0;
			defaultConfigurationName = Release;
		};
		0E5169E72756A0F90086CECF /* Build configuration list for PBXNativeTarget "criptoviewTests" */ = {
			isa = XCConfigurationList;
			buildConfigurations = (
				0E5169E82756A0F90086CECF /* Debug */,
				0E5169E92756A0F90086CECF /* Release */,
			);
			defaultConfigurationIsVisible = 0;
			defaultConfigurationName = Release;
		};
		0E5169EA2756A0F90086CECF /* Build configuration list for PBXNativeTarget "criptoviewUITests" */ = {
			isa = XCConfigurationList;
			buildConfigurations = (
				0E5169EB2756A0F90086CECF /* Debug */,
				0E5169EC2756A0F90086CECF /* Release */,
			);
			defaultConfigurationIsVisible = 0;
			defaultConfigurationName = Release;
		};
/* End XCConfigurationList section */

/* Begin XCRemoteSwiftPackageReference section */
		4CB155782757EFC0006A4D0F /* XCRemoteSwiftPackageReference "Charts" */ = {
			isa = XCRemoteSwiftPackageReference;
			repositoryURL = "https://github.com/danielgindi/Charts.git";
			requirement = {
				kind = upToNextMajorVersion;
				minimumVersion = 4.0.0;
			};
		};
/* End XCRemoteSwiftPackageReference section */

/* Begin XCSwiftPackageProductDependency section */
		4CB155792757EFC0006A4D0F /* Charts */ = {
			isa = XCSwiftPackageProductDependency;
			package = 4CB155782757EFC0006A4D0F /* XCRemoteSwiftPackageReference "Charts" */;
			productName = Charts;
		};
/* End XCSwiftPackageProductDependency section */
	};
	rootObject = 0E5169B22756A0F80086CECF /* Project object */;
}
